
Microsoft Visual Studio Solution File, Format Version 12.00
# Visual Studio Version 17
VisualStudioVersion = 17.0.31320.22
MinimumVisualStudioVersion = 10.0.40219.1
Project("{FAE04EC0-301F-11D3-BF4B-00C04F79EFBC}") = "DumbNugetLib", "DumbNugetLib\DumbNugetLib.csproj", "{8719C1F9-00E0-4913-B1EE-A4F5D8251ED8}"
EndProject
Global
	GlobalSection(SolutionConfigurationPlatforms) = preSolution
		Debug|Any CPU = Debug|Any CPU
		Release|Any CPU = Release|Any CPU
	EndGlobalSection
	GlobalSection(ProjectConfigurationPlatforms) = postSolution
		{8719C1F9-00E0-4913-B1EE-A4F5D8251ED8}.Debug|Any CPU.ActiveCfg = Debug|Any CPU
		{8719C1F9-00E0-4913-B1EE-A4F5D8251ED8}.Debug|Any CPU.Build.0 = Debug|Any CPU
		{8719C1F9-00E0-4913-B1EE-A4F5D8251ED8}.Release|Any CPU.ActiveCfg = Release|Any CPU
		{8719C1F9-00E0-4913-B1EE-A4F5D8251ED8}.Release|Any CPU.Build.0 = Release|Any CPU
	EndGlobalSection
	GlobalSection(SolutionProperties) = preSolution
		HideSolutionNode = FALSE
	EndGlobalSection
	GlobalSection(ExtensibilityGlobals) = postSolution
		SolutionGuid = {A944AFA8-2C0C-432E-9FA6-903D23E72863}
	EndGlobalSection
EndGlobal
